
Microsoft Visual Studio Solution File, Format Version 12.00
# Visual Studio Version 17
VisualStudioVersion = 17.2.32630.192
MinimumVisualStudioVersion = 10.0.40219.1
Project("{888888A0-9F3D-457C-B088-3A5042F75D52}") = "Simple_Checklist", "Simple_Checklist.pyproj", "{335E7F0F-CA53-4D06-8E45-CBBF82726DBD}"
EndProject
Global
	GlobalSection(SolutionConfigurationPlatforms) = preSolution
		Debug|Any CPU = Debug|Any CPU
		Release|Any CPU = Release|Any CPU
	EndGlobalSection
	GlobalSection(ProjectConfigurationPlatforms) = postSolution
		{335E7F0F-CA53-4D06-8E45-CBBF82726DBD}.Debug|Any CPU.ActiveCfg = Debug|Any CPU
		{335E7F0F-CA53-4D06-8E45-CBBF82726DBD}.Release|Any CPU.ActiveCfg = Release|Any CPU
	EndGlobalSection
	GlobalSection(SolutionProperties) = preSolution
		HideSolutionNode = FALSE
	EndGlobalSection
	GlobalSection(ExtensibilityGlobals) = postSolution
		SolutionGuid = {C73B3112-7120-4639-9D37-EA09D8FDD75D}
	EndGlobalSection
EndGlobal
