
Microsoft Visual Studio Solution File, Format Version 12.00
# Visual Studio Version 17
VisualStudioVersion = 17.2.32630.192
MinimumVisualStudioVersion = 10.0.40219.1
Project("{888888A0-9F3D-457C-B088-3A5042F75D52}") = "Notepad", "Notepad.pyproj", "{FEE01165-5EB9-4630-A171-88476F9FA63A}"
EndProject
Global
	GlobalSection(SolutionConfigurationPlatforms) = preSolution
		Debug|Any CPU = Debug|Any CPU
		Release|Any CPU = Release|Any CPU
	EndGlobalSection
	GlobalSection(ProjectConfigurationPlatforms) = postSolution
		{FEE01165-5EB9-4630-A171-88476F9FA63A}.Debug|Any CPU.ActiveCfg = Debug|Any CPU
		{FEE01165-5EB9-4630-A171-88476F9FA63A}.Release|Any CPU.ActiveCfg = Release|Any CPU
	EndGlobalSection
	GlobalSection(SolutionProperties) = preSolution
		HideSolutionNode = FALSE
	EndGlobalSection
	GlobalSection(ExtensibilityGlobals) = postSolution
		SolutionGuid = {03AD15CA-CFA7-40BC-A1A6-1039FED3E8FE}
	EndGlobalSection
EndGlobal
